PODS:
  - audioplayers_darwin (0.0.1):
    - Flutter
    - FlutterMacOS
  - Flutter (1.0.0)
  - integration_test (0.0.1):
    - Flutter
  - path_provider_foundation (0.0.1):
    - Flutter
    - FlutterMacOS
  - record_ios (1.1.0):
    - Flutter
  - xybrid_flutter (0.0.1):
    - Flutter

DEPENDENCIES:
  - audioplayers_darwin (from `.symlinks/plugins/audioplayers_darwin/darwin`)
  - Flutter (from `Flutter`)
  - integration_test (from `.symlinks/plugins/integration_test/ios`)
  - path_provider_foundation (from `.symlinks/plugins/path_provider_foundation/darwin`)
  - record_ios (from `.symlinks/plugins/record_ios/ios`)
  - xybrid_flutter (from `.symlinks/plugins/xybrid_flutter/ios`)

EXTERNAL SOURCES:
  audioplayers_darwin:
    :path: ".symlinks/plugins/audioplayers_darwin/darwin"
  Flutter:
    :path: Flutter
  integration_test:
    :path: ".symlinks/plugins/integration_test/ios"
  path_provider_foundation:
    :path: ".symlinks/plugins/path_provider_foundation/darwin"
  record_ios:
    :path: ".symlinks/plugins/record_ios/ios"
  xybrid_flutter:
    :path: ".symlinks/plugins/xybrid_flutter/ios"

SPEC CHECKSUMS:
  audioplayers_darwin: 4027b33a8f471d996c13f71cb77f0b1583b5d923
  Flutter: cabc95a1d2626b1b06e7179b784ebcf0c0cde467
  integration_test: 252f60fa39af5e17c3aa9899d35d908a0721b573
  path_provider_foundation: 0b743cbb62d8e47eab856f09262bb8c1ddcfe6ba
  record_ios: 840d21cce013c5a3b2168b74a54ebdb4136359e2
  xybrid_flutter: 47bbd340ff24d0f349fbaee79fdb4daa4d4e6df9

PODFILE CHECKSUM: 3a38cfd3b503764f740b051755c77d29f7834903

COCOAPODS: 1.16.2
